
Microsoft Visual Studio Solution File, Format Version 12.00
# Visual Studio Version 16
VisualStudioVersion = 16.0.28922.388
MinimumVisualStudioVersion = 10.0.40219.1
Project("{FAE04EC0-301F-11D3-BF4B-00C04F79EFBC}") = "01-ExamenParcial", "01-ExamenParcial\01-ExamenParcial.csproj", "{B8E2AF19-1923-4D32-B602-0DED2FF6000B}"
EndProject
Global
	GlobalSection(SolutionConfigurationPlatforms) = preSolution
		Debug|Any CPU = Debug|Any CPU
		Release|Any CPU = Release|Any CPU
	EndGlobalSection
	GlobalSection(ProjectConfigurationPlatforms) = postSolution
		{B8E2AF19-1923-4D32-B602-0DED2FF6000B}.Debug|Any CPU.ActiveCfg = Debug|Any CPU
		{B8E2AF19-1923-4D32-B602-0DED2FF6000B}.Debug|Any CPU.Build.0 = Debug|Any CPU
		{B8E2AF19-1923-4D32-B602-0DED2FF6000B}.Release|Any CPU.ActiveCfg = Release|Any CPU
		{B8E2AF19-1923-4D32-B602-0DED2FF6000B}.Release|Any CPU.Build.0 = Release|Any CPU
	EndGlobalSection
	GlobalSection(SolutionProperties) = preSolution
		HideSolutionNode = FALSE
	EndGlobalSection
	GlobalSection(ExtensibilityGlobals) = postSolution
		SolutionGuid = {6E973719-2F2F-4F4D-A23B-FBF32CE5F387}
	EndGlobalSection
EndGlobal
